{
    "_readme": [
        "This file locks the dependencies of your project to a known state",
        "Read more about it at https://getcomposer.org/doc/01-basic-usage.md#installing-dependencies",
        "This file is @generated automatically"
    ],
    "content-hash": "6015aeaa43071d54ef7987ce6f9557e9",
    "packages": [
        {
            "name": "malkusch/lock",
            "version": "v2.2.1",
            "source": {
                "type": "git",
                "url": "https://github.com/php-lock/lock.git",
                "reference": "63c1b268f521a702cb8755ed92631c1fac1775e6"
            },
            "dist": {
                "type": "zip",
                "url": "https://api.github.com/repos/php-lock/lock/zipball/63c1b268f521a702cb8755ed92631c1fac1775e6",
                "reference": "63c1b268f521a702cb8755ed92631c1fac1775e6",
                "shasum": ""
            },
            "require": {
                "php": "^7.2 || ^8.0",
                "psr/log": "^1|^2|^3"
            },
            "require-dev": {
                "eloquent/liberator": "^2.0",
                "ext-memcached": "*",
                "ext-pcntl": "*",
                "ext-pdo": "*",
                "ext-pdo_mysql": "*",
                "ext-pdo_sqlite": "*",
                "ext-sysvsem": "*",
                "friendsofphp/php-cs-fixer": "^2.16",
                "johnkary/phpunit-speedtrap": "^3.0",
                "mikey179/vfsstream": "^1.6.7",
                "php-mock/php-mock-phpunit": "^2.1",
                "phpstan/phpstan": "^0.12.58",
                "phpunit/phpunit": "^9.4",
                "predis/predis": "^1.1",
                "spatie/async": "^1.5",
                "squizlabs/php_codesniffer": "^3.3"
            },
            "suggest": {
                "ext-igbinary": "To use this library with PHP Redis igbinary serializer enabled.",
                "ext-lzf": "To use this library with PHP Redis lzf compression enabled.",
                "ext-pnctl": "Enables locking with flock without busy waiting in CLI scripts.",
                "ext-redis": "To use this library with the PHP Redis extension.",
                "ext-sysvsem": "Enables locking using semaphores.",
                "predis/predis": "To use this library with predis."
            },
            "type": "library",
            "autoload": {
                "psr-4": {
                    "malkusch\\lock\\": "classes/"
                }
            },
            "notification-url": "https://packagist.org/downloads/",
            "license": [
                "WTFPL"
            ],
            "authors": [
                {
                    "name": "Markus Malkusch",
                    "email": "markus@malkusch.de",
                    "homepage": "http://markus.malkusch.de",
                    "role": "Developer"
                },
                {
                    "name": "Willem Stuursma-Ruwen",
                    "email": "willem@stuursma.name",
                    "role": "Developer"
                }
            ],
            "description": "Mutex library for exclusive code execution.",
            "homepage": "https://github.com/malkusch/lock",
            "keywords": [
                "advisory-locks",
                "cas",
                "flock",
                "lock",
                "locking",
                "memcache",
                "mutex",
                "mysql",
                "postgresql",
                "redis",
                "redlock",
                "semaphore"
            ],
            "support": {
                "issues": "https://github.com/php-lock/lock/issues",
                "source": "https://github.com/php-lock/lock/tree/v2.2.1"
            },
            "time": "2022-04-26T09:25:15+00:00"
        },
        {
            "name": "predis/predis",
            "version": "v2.2.2",
            "source": {
                "type": "git",
                "url": "https://github.com/predis/predis.git",
                "reference": "b1d3255ed9ad4d7254f9f9bba386c99f4bb983d1"
            },
            "dist": {
                "type": "zip",
                "url": "https://api.github.com/repos/predis/predis/zipball/b1d3255ed9ad4d7254f9f9bba386c99f4bb983d1",
                "reference": "b1d3255ed9ad4d7254f9f9bba386c99f4bb983d1",
                "shasum": ""
            },
            "require": {
                "php": "^7.2 || ^8.0"
            },
            "require-dev": {
                "friendsofphp/php-cs-fixer": "^3.3",
                "phpstan/phpstan": "^1.9",
                "phpunit/phpunit": "^8.0 || ~9.4.4"
            },
            "suggest": {
                "ext-relay": "Faster connection with in-memory caching (>=0.6.2)"
            },
            "type": "library",
            "autoload": {
                "psr-4": {
                    "Predis\\": "src/"
                }
            },
            "notification-url": "https://packagist.org/downloads/",
            "license": [
                "MIT"
            ],
            "authors": [
                {
                    "name": "Till Krüss",
                    "homepage": "https://till.im",
                    "role": "Maintainer"
                }
            ],
            "description": "A flexible and feature-complete Redis client for PHP.",
            "homepage": "http://github.com/predis/predis",
            "keywords": [
                "nosql",
                "predis",
                "redis"
            ],
            "support": {
                "issues": "https://github.com/predis/predis/issues",
                "source": "https://github.com/predis/predis/tree/v2.2.2"
            },
            "funding": [
                {
                    "url": "https://github.com/sponsors/tillkruss",
                    "type": "github"
                }
            ],
            "time": "2023-09-13T16:42:03+00:00"
        },
        {
            "name": "psr/log",
            "version": "3.0.0",
            "source": {
                "type": "git",
                "url": "https://github.com/php-fig/log.git",
                "reference": "fe5ea303b0887d5caefd3d431c3e61ad47037001"
            },
            "dist": {
                "type": "zip",
                "url": "https://api.github.com/repos/php-fig/log/zipball/fe5ea303b0887d5caefd3d431c3e61ad47037001",
                "reference": "fe5ea303b0887d5caefd3d431c3e61ad47037001",
                "shasum": ""
            },
            "require": {
                "php": ">=8.0.0"
            },
            "type": "library",
            "extra": {
                "branch-alias": {
                    "dev-master": "3.x-dev"
                }
            },
            "autoload": {
                "psr-4": {
                    "Psr\\Log\\": "src"
                }
            },
            "notification-url": "https://packagist.org/downloads/",
            "license": [
                "MIT"
            ],
            "authors": [
                {
                    "name": "PHP-FIG",
                    "homepage": "https://www.php-fig.org/"
                }
            ],
            "description": "Common interface for logging libraries",
            "homepage": "https://github.com/php-fig/log",
            "keywords": [
                "log",
                "psr",
                "psr-3"
            ],
            "support": {
                "source": "https://github.com/php-fig/log/tree/3.0.0"
            },
            "time": "2021-07-14T16:46:02+00:00"
        }
    ],
    "packages-dev": [],
    "aliases": [],
    "minimum-stability": "stable",
    "stability-flags": [],
    "prefer-stable": false,
    "prefer-lowest": false,
    "platform": {
        "ext-pdo": "*"
    },
    "platform-dev": [],
    "plugin-api-version": "2.6.0"
}
